
Microsoft Visual Studio Solution File, Format Version 12.00
# Visual Studio Version 16
VisualStudioVersion = 16.0.31424.327
MinimumVisualStudioVersion = 10.0.40219.1
Project("{FAE04EC0-301F-11D3-BF4B-00C04F79EFBC}") = "MVVM_DB_Product", "MVVM_DB_Product\MVVM_DB_Product.csproj", "{AE54652C-69D0-4DC3-8E14-4E4469FB3556}"
EndProject
Global
	GlobalSection(SolutionConfigurationPlatforms) = preSolution
		Debug|Any CPU = Debug|Any CPU
		Release|Any CPU = Release|Any CPU
	EndGlobalSection
	GlobalSection(ProjectConfigurationPlatforms) = postSolution
		{AE54652C-69D0-4DC3-8E14-4E4469FB3556}.Debug|Any CPU.ActiveCfg = Debug|Any CPU
		{AE54652C-69D0-4DC3-8E14-4E4469FB3556}.Debug|Any CPU.Build.0 = Debug|Any CPU
		{AE54652C-69D0-4DC3-8E14-4E4469FB3556}.Release|Any CPU.ActiveCfg = Release|Any CPU
		{AE54652C-69D0-4DC3-8E14-4E4469FB3556}.Release|Any CPU.Build.0 = Release|Any CPU
	EndGlobalSection
	GlobalSection(SolutionProperties) = preSolution
		HideSolutionNode = FALSE
	EndGlobalSection
	GlobalSection(ExtensibilityGlobals) = postSolution
		SolutionGuid = {31AF00B2-90DC-407F-8745-FB283A519580}
	EndGlobalSection
EndGlobal
